
Microsoft Visual Studio Solution File, Format Version 12.00
# Visual Studio Version 17
VisualStudioVersion = 17.5.2.0
MinimumVisualStudioVersion = 10.0.40219.1
Project("{FAE04EC0-301F-11D3-BF4B-00C04F79EFBC}") = "PoPunkouterSoftware", "src\PoPunkouterSoftware\PoPunkouterSoftware.csproj", "{07431F60-02BA-A356-6F79-CBF693D954BD}"
EndProject
Project("{2150E333-8FDC-42A3-9474-1A3956D46DE8}") = "src", "src", "{C1B97F88-2D57-4C61-9C90-0D269D4A4E72}"
EndProject
Project("{FAE04EC0-301F-11D3-BF4B-00C04F79EFBC}") = "PoPunkouterSoftware.Shared", "src\PoPunkouterSoftware.Shared\PoPunkouterSoftware.Shared.csproj", "{270A8E23-6B76-4F3F-82F5-5CF078077CBB}"
EndProject
Project("{FAE04EC0-301F-11D3-BF4B-00C04F79EFBC}") = "PoPunkouterSoftware.Client", "src\PoPunkouterSoftware.Client\PoPunkouterSoftware.Client.csproj", "{8086F56B-410E-4F7D-AD3B-697A4D74BA69}"
EndProject
Project("{FAE04EC0-301F-11D3-BF4B-00C04F79EFBC}") = "PoPunkouterSoftware.Infrastructure", "src\PoPunkouterSoftware.Infrastructure\PoPunkouterSoftware.Infrastructure.csproj", "{92A908DC-9642-41D0-A749-92AB3FBD986F}"
EndProject
Project("{2150E333-8FDC-42A3-9474-1A3956D46DE8}") = "tests", "tests", "{0AB3BF05-4346-4AA6-1389-037BE0695223}"
EndProject
Project("{FAE04EC0-301F-11D3-BF4B-00C04F79EFBC}") = "PoPunkouterSoftware.Unit", "tests\PoPunkouterSoftware.Unit\PoPunkouterSoftware.Unit.csproj", "{DBE3D580-F468-47AF-BC0E-EFAE314BBF37}"
EndProject
Project("{FAE04EC0-301F-11D3-BF4B-00C04F79EFBC}") = "PoPunkouterSoftware.Integration", "tests\PoPunkouterSoftware.Integration\PoPunkouterSoftware.Integration.csproj", "{5D6C0A23-9066-4C45-8907-31D7CC6A19B1}"
EndProject
Project("{FAE04EC0-301F-11D3-BF4B-00C04F79EFBC}") = "PoPunkouterSoftware.E2EAPI", "tests\PoPunkouterSoftware.E2EAPI\PoPunkouterSoftware.E2EAPI.csproj", "{09C167B4-4C77-4085-B7DA-82E2989AEFD6}"
EndProject
Project("{FAE04EC0-301F-11D3-BF4B-00C04F79EFBC}") = "PoPunkouterSoftware.E2EUI", "tests\PoPunkouterSoftware.E2EUI\PoPunkouterSoftware.E2EUI.csproj", "{CED67661-25AB-4D35-A756-8F69834F5EAD}"
EndProject
Global
	GlobalSection(SolutionConfigurationPlatforms) = preSolution
		Debug|Any CPU = Debug|Any CPU
		Debug|x64 = Debug|x64
		Debug|x86 = Debug|x86
		Release|Any CPU = Release|Any CPU
		Release|x64 = Release|x64
		Release|x86 = Release|x86
	EndGlobalSection
	GlobalSection(ProjectConfigurationPlatforms) = postSolution
		{07431F60-02BA-A356-6F79-CBF693D954BD}.Debug|Any CPU.ActiveCfg = Debug|Any CPU
		{07431F60-02BA-A356-6F79-CBF693D954BD}.Debug|Any CPU.Build.0 = Debug|Any CPU
		{07431F60-02BA-A356-6F79-CBF693D954BD}.Debug|x64.ActiveCfg = Debug|Any CPU
		{07431F60-02BA-A356-6F79-CBF693D954BD}.Debug|x64.Build.0 = Debug|Any CPU
		{07431F60-02BA-A356-6F79-CBF693D954BD}.Debug|x86.ActiveCfg = Debug|Any CPU
		{07431F60-02BA-A356-6F79-CBF693D954BD}.Debug|x86.Build.0 = Debug|Any CPU
		{07431F60-02BA-A356-6F79-CBF693D954BD}.Release|Any CPU.ActiveCfg = Release|Any CPU
		{07431F60-02BA-A356-6F79-CBF693D954BD}.Release|Any CPU.Build.0 = Release|Any CPU
		{07431F60-02BA-A356-6F79-CBF693D954BD}.Release|x64.ActiveCfg = Release|Any CPU
		{07431F60-02BA-A356-6F79-CBF693D954BD}.Release|x64.Build.0 = Release|Any CPU
		{07431F60-02BA-A356-6F79-CBF693D954BD}.Release|x86.ActiveCfg = Release|Any CPU
		{07431F60-02BA-A356-6F79-CBF693D954BD}.Release|x86.Build.0 = Release|Any CPU
		{270A8E23-6B76-4F3F-82F5-5CF078077CBB}.Debug|Any CPU.ActiveCfg = Debug|Any CPU
		{270A8E23-6B76-4F3F-82F5-5CF078077CBB}.Debug|Any CPU.Build.0 = Debug|Any CPU
		{270A8E23-6B76-4F3F-82F5-5CF078077CBB}.Debug|x64.ActiveCfg = Debug|Any CPU
		{270A8E23-6B76-4F3F-82F5-5CF078077CBB}.Debug|x64.Build.0 = Debug|Any CPU
		{270A8E23-6B76-4F3F-82F5-5CF078077CBB}.Debug|x86.ActiveCfg = Debug|Any CPU
		{270A8E23-6B76-4F3F-82F5-5CF078077CBB}.Debug|x86.Build.0 = Debug|Any CPU
		{270A8E23-6B76-4F3F-82F5-5CF078077CBB}.Release|Any CPU.ActiveCfg = Release|Any CPU
		{270A8E23-6B76-4F3F-82F5-5CF078077CBB}.Release|Any CPU.Build.0 = Release|Any CPU
		{270A8E23-6B76-4F3F-82F5-5CF078077CBB}.Release|x64.ActiveCfg = Release|Any CPU
		{270A8E23-6B76-4F3F-82F5-5CF078077CBB}.Release|x64.Build.0 = Release|Any CPU
		{270A8E23-6B76-4F3F-82F5-5CF078077CBB}.Release|x86.ActiveCfg = Release|Any CPU
		{270A8E23-6B76-4F3F-82F5-5CF078077CBB}.Release|x86.Build.0 = Release|Any CPU
		{8086F56B-410E-4F7D-AD3B-697A4D74BA69}.Debug|Any CPU.ActiveCfg = Debug|Any CPU
		{8086F56B-410E-4F7D-AD3B-697A4D74BA69}.Debug|Any CPU.Build.0 = Debug|Any CPU
		{8086F56B-410E-4F7D-AD3B-697A4D74BA69}.Debug|x64.ActiveCfg = Debug|Any CPU
		{8086F56B-410E-4F7D-AD3B-697A4D74BA69}.Debug|x64.Build.0 = Debug|Any CPU
		{8086F56B-410E-4F7D-AD3B-697A4D74BA69}.Debug|x86.ActiveCfg = Debug|Any CPU
		{8086F56B-410E-4F7D-AD3B-697A4D74BA69}.Debug|x86.Build.0 = Debug|Any CPU
		{8086F56B-410E-4F7D-AD3B-697A4D74BA69}.Release|Any CPU.ActiveCfg = Release|Any CPU
		{8086F56B-410E-4F7D-AD3B-697A4D74BA69}.Release|Any CPU.Build.0 = Release|Any CPU
		{8086F56B-410E-4F7D-AD3B-697A4D74BA69}.Release|x64.ActiveCfg = Release|Any CPU
		{8086F56B-410E-4F7D-AD3B-697A4D74BA69}.Release|x64.Build.0 = Release|Any CPU
		{8086F56B-410E-4F7D-AD3B-697A4D74BA69}.Release|x86.ActiveCfg = Release|Any CPU
		{8086F56B-410E-4F7D-AD3B-697A4D74BA69}.Release|x86.Build.0 = Release|Any CPU
		{92A908DC-9642-41D0-A749-92AB3FBD986F}.Debug|Any CPU.ActiveCfg = Debug|Any CPU
		{92A908DC-9642-41D0-A749-92AB3FBD986F}.Debug|Any CPU.Build.0 = Debug|Any CPU
		{92A908DC-9642-41D0-A749-92AB3FBD986F}.Debug|x64.ActiveCfg = Debug|Any CPU
		{92A908DC-9642-41D0-A749-92AB3FBD986F}.Debug|x64.Build.0 = Debug|Any CPU
		{92A908DC-9642-41D0-A749-92AB3FBD986F}.Debug|x86.ActiveCfg = Debug|Any CPU
		{92A908DC-9642-41D0-A749-92AB3FBD986F}.Debug|x86.Build.0 = Debug|Any CPU
		{92A908DC-9642-41D0-A749-92AB3FBD986F}.Release|Any CPU.ActiveCfg = Release|Any CPU
		{92A908DC-9642-41D0-A749-92AB3FBD986F}.Release|Any CPU.Build.0 = Release|Any CPU
		{92A908DC-9642-41D0-A749-92AB3FBD986F}.Release|x64.ActiveCfg = Release|Any CPU
		{92A908DC-9642-41D0-A749-92AB3FBD986F}.Release|x64.Build.0 = Release|Any CPU
		{92A908DC-9642-41D0-A749-92AB3FBD986F}.Release|x86.ActiveCfg = Release|Any CPU
		{92A908DC-9642-41D0-A749-92AB3FBD986F}.Release|x86.Build.0 = Release|Any CPU
		{DBE3D580-F468-47AF-BC0E-EFAE314BBF37}.Debug|Any CPU.ActiveCfg = Debug|Any CPU
		{DBE3D580-F468-47AF-BC0E-EFAE314BBF37}.Debug|Any CPU.Build.0 = Debug|Any CPU
		{DBE3D580-F468-47AF-BC0E-EFAE314BBF37}.Debug|x64.ActiveCfg = Debug|Any CPU
		{DBE3D580-F468-47AF-BC0E-EFAE314BBF37}.Debug|x64.Build.0 = Debug|Any CPU
		{DBE3D580-F468-47AF-BC0E-EFAE314BBF37}.Debug|x86.ActiveCfg = Debug|Any CPU
		{DBE3D580-F468-47AF-BC0E-EFAE314BBF37}.Debug|x86.Build.0 = Debug|Any CPU
		{DBE3D580-F468-47AF-BC0E-EFAE314BBF37}.Release|Any CPU.ActiveCfg = Release|Any CPU
		{DBE3D580-F468-47AF-BC0E-EFAE314BBF37}.Release|Any CPU.Build.0 = Release|Any CPU
		{DBE3D580-F468-47AF-BC0E-EFAE314BBF37}.Release|x64.ActiveCfg = Release|Any CPU
		{DBE3D580-F468-47AF-BC0E-EFAE314BBF37}.Release|x64.Build.0 = Release|Any CPU
		{DBE3D580-F468-47AF-BC0E-EFAE314BBF37}.Release|x86.ActiveCfg = Release|Any CPU
		{DBE3D580-F468-47AF-BC0E-EFAE314BBF37}.Release|x86.Build.0 = Release|Any CPU
		{5D6C0A23-9066-4C45-8907-31D7CC6A19B1}.Debug|Any CPU.ActiveCfg = Debug|Any CPU
		{5D6C0A23-9066-4C45-8907-31D7CC6A19B1}.Debug|Any CPU.Build.0 = Debug|Any CPU
		{5D6C0A23-9066-4C45-8907-31D7CC6A19B1}.Debug|x64.ActiveCfg = Debug|Any CPU
		{5D6C0A23-9066-4C45-8907-31D7CC6A19B1}.Debug|x64.Build.0 = Debug|Any CPU
		{5D6C0A23-9066-4C45-8907-31D7CC6A19B1}.Debug|x86.ActiveCfg = Debug|Any CPU
		{5D6C0A23-9066-4C45-8907-31D7CC6A19B1}.Debug|x86.Build.0 = Debug|Any CPU
		{5D6C0A23-9066-4C45-8907-31D7CC6A19B1}.Release|Any CPU.ActiveCfg = Release|Any CPU
		{5D6C0A23-9066-4C45-8907-31D7CC6A19B1}.Release|Any CPU.Build.0 = Release|Any CPU
		{5D6C0A23-9066-4C45-8907-31D7CC6A19B1}.Release|x64.ActiveCfg = Release|Any CPU
		{5D6C0A23-9066-4C45-8907-31D7CC6A19B1}.Release|x64.Build.0 = Release|Any CPU
		{5D6C0A23-9066-4C45-8907-31D7CC6A19B1}.Release|x86.ActiveCfg = Release|Any CPU
		{5D6C0A23-9066-4C45-8907-31D7CC6A19B1}.Release|x86.Build.0 = Release|Any CPU
		{09C167B4-4C77-4085-B7DA-82E2989AEFD6}.Debug|Any CPU.ActiveCfg = Debug|Any CPU
		{09C167B4-4C77-4085-B7DA-82E2989AEFD6}.Debug|Any CPU.Build.0 = Debug|Any CPU
		{09C167B4-4C77-4085-B7DA-82E2989AEFD6}.Debug|x64.ActiveCfg = Debug|Any CPU
		{09C167B4-4C77-4085-B7DA-82E2989AEFD6}.Debug|x64.Build.0 = Debug|Any CPU
		{09C167B4-4C77-4085-B7DA-82E2989AEFD6}.Debug|x86.ActiveCfg = Debug|Any CPU
		{09C167B4-4C77-4085-B7DA-82E2989AEFD6}.Debug|x86.Build.0 = Debug|Any CPU
		{09C167B4-4C77-4085-B7DA-82E2989AEFD6}.Release|Any CPU.ActiveCfg = Release|Any CPU
		{09C167B4-4C77-4085-B7DA-82E2989AEFD6}.Release|Any CPU.Build.0 = Release|Any CPU
		{09C167B4-4C77-4085-B7DA-82E2989AEFD6}.Release|x64.ActiveCfg = Release|Any CPU
		{09C167B4-4C77-4085-B7DA-82E2989AEFD6}.Release|x64.Build.0 = Release|Any CPU
		{09C167B4-4C77-4085-B7DA-82E2989AEFD6}.Release|x86.ActiveCfg = Release|Any CPU
		{09C167B4-4C77-4085-B7DA-82E2989AEFD6}.Release|x86.Build.0 = Release|Any CPU
		{CED67661-25AB-4D35-A756-8F69834F5EAD}.Debug|Any CPU.ActiveCfg = Debug|Any CPU
		{CED67661-25AB-4D35-A756-8F69834F5EAD}.Debug|Any CPU.Build.0 = Debug|Any CPU
		{CED67661-25AB-4D35-A756-8F69834F5EAD}.Debug|x64.ActiveCfg = Debug|Any CPU
		{CED67661-25AB-4D35-A756-8F69834F5EAD}.Debug|x64.Build.0 = Debug|Any CPU
		{CED67661-25AB-4D35-A756-8F69834F5EAD}.Debug|x86.ActiveCfg = Debug|Any CPU
		{CED67661-25AB-4D35-A756-8F69834F5EAD}.Debug|x86.Build.0 = Debug|Any CPU
		{CED67661-25AB-4D35-A756-8F69834F5EAD}.Release|Any CPU.ActiveCfg = Release|Any CPU
		{CED67661-25AB-4D35-A756-8F69834F5EAD}.Release|Any CPU.Build.0 = Release|Any CPU
		{CED67661-25AB-4D35-A756-8F69834F5EAD}.Release|x64.ActiveCfg = Release|Any CPU
		{CED67661-25AB-4D35-A756-8F69834F5EAD}.Release|x64.Build.0 = Release|Any CPU
		{CED67661-25AB-4D35-A756-8F69834F5EAD}.Release|x86.ActiveCfg = Release|Any CPU
		{CED67661-25AB-4D35-A756-8F69834F5EAD}.Release|x86.Build.0 = Release|Any CPU
	EndGlobalSection
	GlobalSection(SolutionProperties) = preSolution
		HideSolutionNode = FALSE
	EndGlobalSection
	GlobalSection(NestedProjects) = preSolution
		{07431F60-02BA-A356-6F79-CBF693D954BD} = {C1B97F88-2D57-4C61-9C90-0D269D4A4E72}
		{270A8E23-6B76-4F3F-82F5-5CF078077CBB} = {C1B97F88-2D57-4C61-9C90-0D269D4A4E72}
		{8086F56B-410E-4F7D-AD3B-697A4D74BA69} = {C1B97F88-2D57-4C61-9C90-0D269D4A4E72}
		{92A908DC-9642-41D0-A749-92AB3FBD986F} = {C1B97F88-2D57-4C61-9C90-0D269D4A4E72}
		{DBE3D580-F468-47AF-BC0E-EFAE314BBF37} = {0AB3BF05-4346-4AA6-1389-037BE0695223}
		{5D6C0A23-9066-4C45-8907-31D7CC6A19B1} = {0AB3BF05-4346-4AA6-1389-037BE0695223}
		{09C167B4-4C77-4085-B7DA-82E2989AEFD6} = {0AB3BF05-4346-4AA6-1389-037BE0695223}
		{CED67661-25AB-4D35-A756-8F69834F5EAD} = {0AB3BF05-4346-4AA6-1389-037BE0695223}
	EndGlobalSection
	GlobalSection(ExtensibilityGlobals) = postSolution
		SolutionGuid = {000182A1-0D1F-48E3-A08F-CD66A6D36479}
	EndGlobalSection
EndGlobal
