
Microsoft Visual Studio Solution File, Format Version 12.00
# Visual Studio Version 17
VisualStudioVersion = 17.5.2.0
MinimumVisualStudioVersion = 10.0.40219.1
Project("{FAE04EC0-301F-11D3-BF4B-00C04F79EFBC}") = "PoPunkouterSoftware", "PoPunkouterSoftware\PoPunkouterSoftware.csproj", "{07431F60-02BA-A356-6F79-CBF693D954BD}"
EndProject
Project("{2150E333-8FDC-42A3-9474-1A3956D46DE8}") = "tests", "tests", "{0AB3BF05-4346-4AA6-1389-037BE0695223}"
EndProject
Project("{2150E333-8FDC-42A3-9474-1A3956D46DE8}") = "src", "src", "{C1B97F88-2D57-4C61-9C90-0D269D4A4E72}"
EndProject
Project("{FAE04EC0-301F-11D3-BF4B-00C04F79EFBC}") = "PoPunkouterSoftware.Tests.Unit", "tests\PoPunkouterSoftware.Tests.Unit\PoPunkouterSoftware.Tests.Unit.csproj", "{39A2373E-D997-4AC3-A9D3-BF365A1B601E}"
EndProject
Project("{FAE04EC0-301F-11D3-BF4B-00C04F79EFBC}") = "PoPunkouterSoftware.Tests.Integration", "tests\PoPunkouterSoftware.Tests.Integration\PoPunkouterSoftware.Tests.Integration.csproj", "{85533C4E-3DF9-4DCC-85BE-CFCB65E7E8E1}"
EndProject
Project("{FAE04EC0-301F-11D3-BF4B-00C04F79EFBC}") = "PoPunkouterSoftware.Shared", "PoPunkouterSoftware.Shared\PoPunkouterSoftware.Shared.csproj", "{270A8E23-6B76-4F3F-82F5-5CF078077CBB}"
EndProject
Project("{FAE04EC0-301F-11D3-BF4B-00C04F79EFBC}") = "PoPunkouterSoftware.Client", "PoPunkouterSoftware.Client\PoPunkouterSoftware.Client.csproj", "{8086F56B-410E-4F7D-AD3B-697A4D74BA69}"
EndProject
Project("{FAE04EC0-301F-11D3-BF4B-00C04F79EFBC}") = "PoPunkouterSoftware.Infrastructure", "PoPunkouterSoftware.Infrastructure\PoPunkouterSoftware.Infrastructure.csproj", "{92A908DC-9642-41D0-A749-92AB3FBD986F}"
EndProject
Global
	GlobalSection(SolutionConfigurationPlatforms) = preSolution
		Debug|Any CPU = Debug|Any CPU
		Debug|x64 = Debug|x64
		Debug|x86 = Debug|x86
		Release|Any CPU = Release|Any CPU
		Release|x64 = Release|x64
		Release|x86 = Release|x86
	EndGlobalSection
	GlobalSection(ProjectConfigurationPlatforms) = postSolution
		{07431F60-02BA-A356-6F79-CBF693D954BD}.Debug|Any CPU.ActiveCfg = Debug|Any CPU
		{07431F60-02BA-A356-6F79-CBF693D954BD}.Debug|Any CPU.Build.0 = Debug|Any CPU
		{07431F60-02BA-A356-6F79-CBF693D954BD}.Debug|x64.ActiveCfg = Debug|Any CPU
		{07431F60-02BA-A356-6F79-CBF693D954BD}.Debug|x64.Build.0 = Debug|Any CPU
		{07431F60-02BA-A356-6F79-CBF693D954BD}.Debug|x86.ActiveCfg = Debug|Any CPU
		{07431F60-02BA-A356-6F79-CBF693D954BD}.Debug|x86.Build.0 = Debug|Any CPU
		{07431F60-02BA-A356-6F79-CBF693D954BD}.Release|Any CPU.ActiveCfg = Release|Any CPU
		{07431F60-02BA-A356-6F79-CBF693D954BD}.Release|Any CPU.Build.0 = Release|Any CPU
		{07431F60-02BA-A356-6F79-CBF693D954BD}.Release|x64.ActiveCfg = Release|Any CPU
		{07431F60-02BA-A356-6F79-CBF693D954BD}.Release|x64.Build.0 = Release|Any CPU
		{07431F60-02BA-A356-6F79-CBF693D954BD}.Release|x86.ActiveCfg = Release|Any CPU
		{07431F60-02BA-A356-6F79-CBF693D954BD}.Release|x86.Build.0 = Release|Any CPU
		{39A2373E-D997-4AC3-A9D3-BF365A1B601E}.Debug|Any CPU.ActiveCfg = Debug|Any CPU
		{39A2373E-D997-4AC3-A9D3-BF365A1B601E}.Debug|Any CPU.Build.0 = Debug|Any CPU
		{39A2373E-D997-4AC3-A9D3-BF365A1B601E}.Debug|x64.ActiveCfg = Debug|Any CPU
		{39A2373E-D997-4AC3-A9D3-BF365A1B601E}.Debug|x64.Build.0 = Debug|Any CPU
		{39A2373E-D997-4AC3-A9D3-BF365A1B601E}.Debug|x86.ActiveCfg = Debug|Any CPU
		{39A2373E-D997-4AC3-A9D3-BF365A1B601E}.Debug|x86.Build.0 = Debug|Any CPU
		{39A2373E-D997-4AC3-A9D3-BF365A1B601E}.Release|Any CPU.ActiveCfg = Release|Any CPU
		{39A2373E-D997-4AC3-A9D3-BF365A1B601E}.Release|Any CPU.Build.0 = Release|Any CPU
		{39A2373E-D997-4AC3-A9D3-BF365A1B601E}.Release|x64.ActiveCfg = Release|Any CPU
		{39A2373E-D997-4AC3-A9D3-BF365A1B601E}.Release|x64.Build.0 = Release|Any CPU
		{39A2373E-D997-4AC3-A9D3-BF365A1B601E}.Release|x86.ActiveCfg = Release|Any CPU
		{39A2373E-D997-4AC3-A9D3-BF365A1B601E}.Release|x86.Build.0 = Release|Any CPU
		{85533C4E-3DF9-4DCC-85BE-CFCB65E7E8E1}.Debug|Any CPU.ActiveCfg = Debug|Any CPU
		{85533C4E-3DF9-4DCC-85BE-CFCB65E7E8E1}.Debug|Any CPU.Build.0 = Debug|Any CPU
		{85533C4E-3DF9-4DCC-85BE-CFCB65E7E8E1}.Debug|x64.ActiveCfg = Debug|Any CPU
		{85533C4E-3DF9-4DCC-85BE-CFCB65E7E8E1}.Debug|x64.Build.0 = Debug|Any CPU
		{85533C4E-3DF9-4DCC-85BE-CFCB65E7E8E1}.Debug|x86.ActiveCfg = Debug|Any CPU
		{85533C4E-3DF9-4DCC-85BE-CFCB65E7E8E1}.Debug|x86.Build.0 = Debug|Any CPU
		{85533C4E-3DF9-4DCC-85BE-CFCB65E7E8E1}.Release|Any CPU.ActiveCfg = Release|Any CPU
		{85533C4E-3DF9-4DCC-85BE-CFCB65E7E8E1}.Release|Any CPU.Build.0 = Release|Any CPU
		{85533C4E-3DF9-4DCC-85BE-CFCB65E7E8E1}.Release|x64.ActiveCfg = Release|Any CPU
		{85533C4E-3DF9-4DCC-85BE-CFCB65E7E8E1}.Release|x64.Build.0 = Release|Any CPU
		{85533C4E-3DF9-4DCC-85BE-CFCB65E7E8E1}.Release|x86.ActiveCfg = Release|Any CPU
		{85533C4E-3DF9-4DCC-85BE-CFCB65E7E8E1}.Release|x86.Build.0 = Release|Any CPU
		{270A8E23-6B76-4F3F-82F5-5CF078077CBB}.Debug|Any CPU.ActiveCfg = Debug|Any CPU
		{270A8E23-6B76-4F3F-82F5-5CF078077CBB}.Debug|Any CPU.Build.0 = Debug|Any CPU
		{270A8E23-6B76-4F3F-82F5-5CF078077CBB}.Debug|x64.ActiveCfg = Debug|Any CPU
		{270A8E23-6B76-4F3F-82F5-5CF078077CBB}.Debug|x64.Build.0 = Debug|Any CPU
		{270A8E23-6B76-4F3F-82F5-5CF078077CBB}.Debug|x86.ActiveCfg = Debug|Any CPU
		{270A8E23-6B76-4F3F-82F5-5CF078077CBB}.Debug|x86.Build.0 = Debug|Any CPU
		{270A8E23-6B76-4F3F-82F5-5CF078077CBB}.Release|Any CPU.ActiveCfg = Release|Any CPU
		{270A8E23-6B76-4F3F-82F5-5CF078077CBB}.Release|Any CPU.Build.0 = Release|Any CPU
		{270A8E23-6B76-4F3F-82F5-5CF078077CBB}.Release|x64.ActiveCfg = Release|Any CPU
		{270A8E23-6B76-4F3F-82F5-5CF078077CBB}.Release|x64.Build.0 = Release|Any CPU
		{270A8E23-6B76-4F3F-82F5-5CF078077CBB}.Release|x86.ActiveCfg = Release|Any CPU
		{270A8E23-6B76-4F3F-82F5-5CF078077CBB}.Release|x86.Build.0 = Release|Any CPU
		{8086F56B-410E-4F7D-AD3B-697A4D74BA69}.Debug|Any CPU.ActiveCfg = Debug|Any CPU
		{8086F56B-410E-4F7D-AD3B-697A4D74BA69}.Debug|Any CPU.Build.0 = Debug|Any CPU
		{8086F56B-410E-4F7D-AD3B-697A4D74BA69}.Debug|x64.ActiveCfg = Debug|Any CPU
		{8086F56B-410E-4F7D-AD3B-697A4D74BA69}.Debug|x64.Build.0 = Debug|Any CPU
		{8086F56B-410E-4F7D-AD3B-697A4D74BA69}.Debug|x86.ActiveCfg = Debug|Any CPU
		{8086F56B-410E-4F7D-AD3B-697A4D74BA69}.Debug|x86.Build.0 = Debug|Any CPU
		{8086F56B-410E-4F7D-AD3B-697A4D74BA69}.Release|Any CPU.ActiveCfg = Release|Any CPU
		{8086F56B-410E-4F7D-AD3B-697A4D74BA69}.Release|Any CPU.Build.0 = Release|Any CPU
		{8086F56B-410E-4F7D-AD3B-697A4D74BA69}.Release|x64.ActiveCfg = Release|Any CPU
		{8086F56B-410E-4F7D-AD3B-697A4D74BA69}.Release|x64.Build.0 = Release|Any CPU
		{8086F56B-410E-4F7D-AD3B-697A4D74BA69}.Release|x86.ActiveCfg = Release|Any CPU
		{8086F56B-410E-4F7D-AD3B-697A4D74BA69}.Release|x86.Build.0 = Release|Any CPU
		{92A908DC-9642-41D0-A749-92AB3FBD986F}.Debug|Any CPU.ActiveCfg = Debug|Any CPU
		{92A908DC-9642-41D0-A749-92AB3FBD986F}.Debug|Any CPU.Build.0 = Debug|Any CPU
		{92A908DC-9642-41D0-A749-92AB3FBD986F}.Debug|x64.ActiveCfg = Debug|Any CPU
		{92A908DC-9642-41D0-A749-92AB3FBD986F}.Debug|x64.Build.0 = Debug|Any CPU
		{92A908DC-9642-41D0-A749-92AB3FBD986F}.Debug|x86.ActiveCfg = Debug|Any CPU
		{92A908DC-9642-41D0-A749-92AB3FBD986F}.Debug|x86.Build.0 = Debug|Any CPU
		{92A908DC-9642-41D0-A749-92AB3FBD986F}.Release|Any CPU.ActiveCfg = Release|Any CPU
		{92A908DC-9642-41D0-A749-92AB3FBD986F}.Release|Any CPU.Build.0 = Release|Any CPU
		{92A908DC-9642-41D0-A749-92AB3FBD986F}.Release|x64.ActiveCfg = Release|Any CPU
		{92A908DC-9642-41D0-A749-92AB3FBD986F}.Release|x64.Build.0 = Release|Any CPU
		{92A908DC-9642-41D0-A749-92AB3FBD986F}.Release|x86.ActiveCfg = Release|Any CPU
		{92A908DC-9642-41D0-A749-92AB3FBD986F}.Release|x86.Build.0 = Release|Any CPU
	EndGlobalSection
	GlobalSection(SolutionProperties) = preSolution
		HideSolutionNode = FALSE
	EndGlobalSection
	GlobalSection(NestedProjects) = preSolution
		{07431F60-02BA-A356-6F79-CBF693D954BD} = {C1B97F88-2D57-4C61-9C90-0D269D4A4E72}
		{39A2373E-D997-4AC3-A9D3-BF365A1B601E} = {0AB3BF05-4346-4AA6-1389-037BE0695223}
		{85533C4E-3DF9-4DCC-85BE-CFCB65E7E8E1} = {0AB3BF05-4346-4AA6-1389-037BE0695223}
		{270A8E23-6B76-4F3F-82F5-5CF078077CBB} = {C1B97F88-2D57-4C61-9C90-0D269D4A4E72}
		{8086F56B-410E-4F7D-AD3B-697A4D74BA69} = {C1B97F88-2D57-4C61-9C90-0D269D4A4E72}
		{92A908DC-9642-41D0-A749-92AB3FBD986F} = {C1B97F88-2D57-4C61-9C90-0D269D4A4E72}
	EndGlobalSection
	GlobalSection(ExtensibilityGlobals) = postSolution
		SolutionGuid = {000182A1-0D1F-48E3-A08F-CD66A6D36479}
	EndGlobalSection
EndGlobal
