Microsoft Visual Studio Solution File, Format Version 12.00
# Visual Studio Version 17
VisualStudioVersion = 17.5.2.0
MinimumVisualStudioVersion = 10.0.40219.1
Project("{FAE04EC0-301F-11D3-BF4B-00C04F79EFBC}") = "PoPunkouterSoftware", "PoPunkouterSoftware.csproj", "{72BD4F57-93EC-2EC9-8990-5BD49FBD9276}"
EndProject
Global
	GlobalSection(SolutionConfigurationPlatforms) = preSolution
		Debug|Any CPU = Debug|Any CPU
		Release|Any CPU = Release|Any CPU
	EndGlobalSection
	GlobalSection(ProjectConfigurationPlatforms) = postSolution
		{72BD4F57-93EC-2EC9-8990-5BD49FBD9276}.Debug|Any CPU.ActiveCfg = Debug|Any CPU
		{72BD4F57-93EC-2EC9-8990-5BD49FBD9276}.Debug|Any CPU.Build.0 = Debug|Any CPU
		{72BD4F57-93EC-2EC9-8990-5BD49FBD9276}.Release|Any CPU.ActiveCfg = Release|Any CPU
		{72BD4F57-93EC-2EC9-8990-5BD49FBD9276}.Release|Any CPU.Build.0 = Release|Any CPU
	EndGlobalSection
	GlobalSection(SolutionProperties) = preSolution
		HideSolutionNode = FALSE
	EndGlobalSection
	GlobalSection(ExtensibilityGlobals) = postSolution
		SolutionGuid = {CC4FCA53-35E6-4A90-8F19-4016C3FDE279}
	EndGlobalSection
EndGlobal
